{
  "nodes": {
    "nixpkgs": {
      "locked": {
        "lastModified": 1767873505,
        "narHash": "sha256-UP55tLruQPznPL6IMxTzRtx/jhvVhxMuF+CUpH78New=",
        "owner": "NixOS",
        "repo": "nixpkgs",
        "rev": "f244e841501d61e8fda288c2a9f56ca46e4429de",
        "type": "github"
      },
      "original": {
        "owner": "NixOS",
        "repo": "nixpkgs",
        "type": "github"
      }
    },
    "root": {
      "inputs": {
        "nixpkgs": "nixpkgs"
      }
    }
  },
  "root": "root",
  "version": 7
}
